
Microsoft Visual Studio Solution File, Format Version 12.00
# Visual Studio Version 17
VisualStudioVersion = 17.5.002.0
MinimumVisualStudioVersion = 10.0.40219.1
Project("{9A19103F-16F7-4668-BE54-9A1E7A4F7556}") = "MenuProgram", "MenuProgram.csproj", "{54BF98C7-7F3E-4822-9399-84D2CA30AB62}"
EndProject
Global
	GlobalSection(SolutionConfigurationPlatforms) = preSolution
		Debug|Any CPU = Debug|Any CPU
		Release|Any CPU = Release|Any CPU
	EndGlobalSection
	GlobalSection(ProjectConfigurationPlatforms) = postSolution
		{54BF98C7-7F3E-4822-9399-84D2CA30AB62}.Debug|Any CPU.ActiveCfg = Debug|Any CPU
		{54BF98C7-7F3E-4822-9399-84D2CA30AB62}.Debug|Any CPU.Build.0 = Debug|Any CPU
		{54BF98C7-7F3E-4822-9399-84D2CA30AB62}.Release|Any CPU.ActiveCfg = Release|Any CPU
		{54BF98C7-7F3E-4822-9399-84D2CA30AB62}.Release|Any CPU.Build.0 = Release|Any CPU
	EndGlobalSection
	GlobalSection(SolutionProperties) = preSolution
		HideSolutionNode = FALSE
	EndGlobalSection
	GlobalSection(ExtensibilityGlobals) = postSolution
		SolutionGuid = {BBC913A6-4859-4472-AA57-CEA20AF4E411}
	EndGlobalSection
EndGlobal
