Microsoft Visual Studio Solution File, Format Version 12.00
# Visual Studio Version 17
VisualStudioVersion = 17.5.2.0
MinimumVisualStudioVersion = 10.0.40219.1
Project("{FAE04EC0-301F-11D3-BF4B-00C04F79EFBC}") = "MetoderMedReturn", "MetoderMedReturn.csproj", "{A7AA701B-BAFF-7C02-D368-131F798A5F34}"
EndProject
Global
	GlobalSection(SolutionConfigurationPlatforms) = preSolution
		Debug|Any CPU = Debug|Any CPU
		Release|Any CPU = Release|Any CPU
	EndGlobalSection
	GlobalSection(ProjectConfigurationPlatforms) = postSolution
		{A7AA701B-BAFF-7C02-D368-131F798A5F34}.Debug|Any CPU.ActiveCfg = Debug|Any CPU
		{A7AA701B-BAFF-7C02-D368-131F798A5F34}.Debug|Any CPU.Build.0 = Debug|Any CPU
		{A7AA701B-BAFF-7C02-D368-131F798A5F34}.Release|Any CPU.ActiveCfg = Release|Any CPU
		{A7AA701B-BAFF-7C02-D368-131F798A5F34}.Release|Any CPU.Build.0 = Release|Any CPU
	EndGlobalSection
	GlobalSection(SolutionProperties) = preSolution
		HideSolutionNode = FALSE
	EndGlobalSection
	GlobalSection(ExtensibilityGlobals) = postSolution
		SolutionGuid = {B0C2C475-C339-4A53-A23F-94E5B8BDD756}
	EndGlobalSection
EndGlobal
