
Microsoft Visual Studio Solution File, Format Version 12.00
# Visual Studio Version 17
VisualStudioVersion = 17.5.002.0
MinimumVisualStudioVersion = 10.0.40219.1
Project("{9A19103F-16F7-4668-BE54-9A1E7A4F7556}") = "Namnregister", "Namnregister.csproj", "{59929802-8B4A-4469-B852-4CB6C0C35248}"
EndProject
Global
	GlobalSection(SolutionConfigurationPlatforms) = preSolution
		Debug|Any CPU = Debug|Any CPU
		Release|Any CPU = Release|Any CPU
	EndGlobalSection
	GlobalSection(ProjectConfigurationPlatforms) = postSolution
		{59929802-8B4A-4469-B852-4CB6C0C35248}.Debug|Any CPU.ActiveCfg = Debug|Any CPU
		{59929802-8B4A-4469-B852-4CB6C0C35248}.Debug|Any CPU.Build.0 = Debug|Any CPU
		{59929802-8B4A-4469-B852-4CB6C0C35248}.Release|Any CPU.ActiveCfg = Release|Any CPU
		{59929802-8B4A-4469-B852-4CB6C0C35248}.Release|Any CPU.Build.0 = Release|Any CPU
	EndGlobalSection
	GlobalSection(SolutionProperties) = preSolution
		HideSolutionNode = FALSE
	EndGlobalSection
	GlobalSection(ExtensibilityGlobals) = postSolution
		SolutionGuid = {E321710B-5F8F-4726-84BE-3600583CAE34}
	EndGlobalSection
EndGlobal
