
Microsoft Visual Studio Solution File, Format Version 12.00
# Visual Studio Version 17
VisualStudioVersion = 17.5.002.0
MinimumVisualStudioVersion = 10.0.40219.1
Project("{9A19103F-16F7-4668-BE54-9A1E7A4F7556}") = "GuessTheNumber2", "GuessTheNumber2.csproj", "{29EE3B71-D3C3-41CC-8872-1A2FD6AD6A9E}"
EndProject
Global
	GlobalSection(SolutionConfigurationPlatforms) = preSolution
		Debug|Any CPU = Debug|Any CPU
		Release|Any CPU = Release|Any CPU
	EndGlobalSection
	GlobalSection(ProjectConfigurationPlatforms) = postSolution
		{29EE3B71-D3C3-41CC-8872-1A2FD6AD6A9E}.Debug|Any CPU.ActiveCfg = Debug|Any CPU
		{29EE3B71-D3C3-41CC-8872-1A2FD6AD6A9E}.Debug|Any CPU.Build.0 = Debug|Any CPU
		{29EE3B71-D3C3-41CC-8872-1A2FD6AD6A9E}.Release|Any CPU.ActiveCfg = Release|Any CPU
		{29EE3B71-D3C3-41CC-8872-1A2FD6AD6A9E}.Release|Any CPU.Build.0 = Release|Any CPU
	EndGlobalSection
	GlobalSection(SolutionProperties) = preSolution
		HideSolutionNode = FALSE
	EndGlobalSection
	GlobalSection(ExtensibilityGlobals) = postSolution
		SolutionGuid = {36D0FE97-0CED-4ECC-9D82-055125D6D2C5}
	EndGlobalSection
EndGlobal
