
Microsoft Visual Studio Solution File, Format Version 12.00
# Visual Studio Version 17
VisualStudioVersion = 17.5.002.0
MinimumVisualStudioVersion = 10.0.40219.1
Project("{9A19103F-16F7-4668-BE54-9A1E7A4F7556}") = "SlumpadLista", "SlumpadLista.csproj", "{49420E70-6DD8-42C8-AC01-317C133CE12D}"
EndProject
Global
	GlobalSection(SolutionConfigurationPlatforms) = preSolution
		Debug|Any CPU = Debug|Any CPU
		Release|Any CPU = Release|Any CPU
	EndGlobalSection
	GlobalSection(ProjectConfigurationPlatforms) = postSolution
		{49420E70-6DD8-42C8-AC01-317C133CE12D}.Debug|Any CPU.ActiveCfg = Debug|Any CPU
		{49420E70-6DD8-42C8-AC01-317C133CE12D}.Debug|Any CPU.Build.0 = Debug|Any CPU
		{49420E70-6DD8-42C8-AC01-317C133CE12D}.Release|Any CPU.ActiveCfg = Release|Any CPU
		{49420E70-6DD8-42C8-AC01-317C133CE12D}.Release|Any CPU.Build.0 = Release|Any CPU
	EndGlobalSection
	GlobalSection(SolutionProperties) = preSolution
		HideSolutionNode = FALSE
	EndGlobalSection
	GlobalSection(ExtensibilityGlobals) = postSolution
		SolutionGuid = {E5603132-7352-4238-BC17-EA43AE211BAB}
	EndGlobalSection
EndGlobal
